
Microsoft Visual Studio Solution File, Format Version 12.00
Project("{FAE04EC0-301F-11D3-BF4B-00C04F79EFBC}") = "PingWebhook", "src\PingWebhook.csproj", "{BDA52918-1EBA-4013-A83B-05D175FAD07D}"
EndProject
Global
	GlobalSection(SolutionConfigurationPlatforms) = preSolution
		Debug|Any CPU = Debug|Any CPU
		Release|Any CPU = Release|Any CPU
	EndGlobalSection
	GlobalSection(ProjectConfigurationPlatforms) = postSolution
		{BDA52918-1EBA-4013-A83B-05D175FAD07D}.Debug|Any CPU.ActiveCfg = Debug|Any CPU
		{BDA52918-1EBA-4013-A83B-05D175FAD07D}.Debug|Any CPU.Build.0 = Debug|Any CPU
		{BDA52918-1EBA-4013-A83B-05D175FAD07D}.Release|Any CPU.ActiveCfg = Release|Any CPU
		{BDA52918-1EBA-4013-A83B-05D175FAD07D}.Release|Any CPU.Build.0 = Release|Any CPU
	EndGlobalSection
EndGlobal
